
Microsoft Visual Studio Solution File, Format Version 12.00
# Visual Studio Version 16
VisualStudioVersion = 16.0.30621.155
MinimumVisualStudioVersion = 10.0.40219.1
Project("{FAE04EC0-301F-11D3-BF4B-00C04F79EFBC}") = "WebApplication2", "WebApplication2.csproj", "{F3668622-EEE5-4CD1-8907-4308E8A157FC}"
EndProject
Global
	GlobalSection(SolutionConfigurationPlatforms) = preSolution
		Debug|Any CPU = Debug|Any CPU
		Release|Any CPU = Release|Any CPU
	EndGlobalSection
	GlobalSection(ProjectConfigurationPlatforms) = postSolution
		{F3668622-EEE5-4CD1-8907-4308E8A157FC}.Debug|Any CPU.ActiveCfg = Debug|Any CPU
		{F3668622-EEE5-4CD1-8907-4308E8A157FC}.Debug|Any CPU.Build.0 = Debug|Any CPU
		{F3668622-EEE5-4CD1-8907-4308E8A157FC}.Release|Any CPU.ActiveCfg = Release|Any CPU
		{F3668622-EEE5-4CD1-8907-4308E8A157FC}.Release|Any CPU.Build.0 = Release|Any CPU
	EndGlobalSection
	GlobalSection(SolutionProperties) = preSolution
		HideSolutionNode = FALSE
	EndGlobalSection
	GlobalSection(ExtensibilityGlobals) = postSolution
		SolutionGuid = {EC8A9B4C-687F-41BE-83EC-978C8F94AF11}
	EndGlobalSection
EndGlobal
